<Solution>
  <Configurations>
    <Configuration Name="Debug" />
    <Configuration Name="Release" />
    <Platform Name="AnyCPU" />
  </Configurations>
  <Project Path="CodingWithCalvin.OpenInNotepadPlusPlus/CodingWithCalvin.OpenInNotepadPlusPlus.csproj" Id="add4175c-aa5c-49e4-afaf-6b9d3e832e8d" />
</Solution>
